{
  "format_version": "1.0",
  "provider_schemas": {
    "registry.terraform.io/shellscape/supabase": {
      "provider": {
        "version": 0,
        "block": {
          "attributes": {
            "access_token": {
              "type": "string",
              "description": "Supabase access token",
              "description_kind": "markdown",
              "optional": true,
              "sensitive": true
            },
            "endpoint": {
              "type": "string",
              "description": "Supabase API endpoint",
              "description_kind": "markdown",
              "optional": true
            }
          },
          "description_kind": "plain"
        }
      },
      "resource_schemas": {
        "supabase_branch": {
          "version": 0,
          "block": {
            "attributes": {
              "database": {
                "nested_type": {
                  "attributes": {
                    "host": {
                      "type": "string",
                      "description": "Host",
                      "description_kind": "markdown",
                      "computed": true
                    },
                    "id": {
                      "type": "string",
                      "description": "Branch project ref",
                      "description_kind": "markdown",
                      "computed": true
                    },
                    "jwt_secret": {
                      "type": "string",
                      "description": "JWT secret",
                      "description_kind": "markdown",
                      "computed": true,
                      "sensitive": true
                    },
                    "password": {
                      "type": "string",
                      "description": "Password",
                      "description_kind": "markdown",
                      "computed": true,
                      "sensitive": true
                    },
                    "port": {
                      "type": "number",
                      "description": "Port",
                      "description_kind": "markdown",
                      "computed": true
                    },
                    "status": {
                      "type": "string",
                      "description": "Status",
                      "description_kind": "markdown",
                      "computed": true
                    },
                    "user": {
                      "type": "string",
                      "description": "User",
                      "description_kind": "markdown",
                      "computed": true
                    },
                    "version": {
                      "type": "string",
                      "description": "Postgres version",
                      "description_kind": "markdown",
                      "computed": true
                    }
                  },
                  "nesting_mode": "single"
                },
                "description": "Database connection details",
                "description_kind": "markdown",
                "computed": true
              },
              "git_branch": {
                "type": "string",
                "description": "Git branch",
                "description_kind": "markdown",
                "required": true
              },
              "id": {
                "type": "string",
                "description": "Branch identifier",
                "description_kind": "markdown",
                "computed": true
              },
              "parent_project_ref": {
                "type": "string",
                "description": "Parent project ref",
                "description_kind": "markdown",
                "required": true
              },
              "region": {
                "type": "string",
                "description": "Database region",
                "description_kind": "markdown",
                "optional": true
              }
            },
            "description": "Branch database resource",
            "description_kind": "markdown"
          }
        },
        "supabase_database_webhook": {
          "version": 0,
          "block": {
            "attributes": {
              "enabled": {
                "type": "bool",
                "description": "Whether database webhooks are enabled",
                "description_kind": "markdown",
                "required": true
              },
              "id": {
                "type": "string",
                "description": "Resource identifier",
                "description_kind": "markdown",
                "computed": true
              },
              "project_ref": {
                "type": "string",
                "description": "Project reference",
                "description_kind": "markdown",
                "required": true
              }
            },
            "description": "Database Webhook resource for enabling database webhooks (Beta feature)",
            "description_kind": "markdown"
          }
        },
        "supabase_edge_function": {
          "version": 0,
          "block": {
            "attributes": {
              "body": {
                "type": "string",
                "description": "Function source code",
                "description_kind": "markdown",
                "required": true
              },
              "compute_multiplier": {
                "type": "number",
                "description": "Compute multiplier for the function (affects performance and billing)",
                "description_kind": "markdown",
                "optional": true
              },
              "created_at": {
                "type": "number",
                "description": "Unix timestamp when the function was created",
                "description_kind": "markdown",
                "computed": true
              },
              "entrypoint_path": {
                "type": "string",
                "description": "Path to the function entrypoint file",
                "description_kind": "markdown",
                "optional": true
              },
              "id": {
                "type": "string",
                "description": "Function ID",
                "description_kind": "markdown",
                "computed": true
              },
              "import_map": {
                "type": "bool",
                "description": "Whether to use import map",
                "description_kind": "markdown",
                "optional": true
              },
              "import_map_path": {
                "type": "string",
                "description": "Path to the import map file",
                "description_kind": "markdown",
                "optional": true
              },
              "name": {
                "type": "string",
                "description": "Function display name",
                "description_kind": "markdown",
                "required": true
              },
              "project_ref": {
                "type": "string",
                "description": "Project reference ID",
                "description_kind": "markdown",
                "required": true
              },
              "slug": {
                "type": "string",
                "description": "Function slug (URL path component). Must contain only letters, numbers, underscores, and hyphens.",
                "description_kind": "markdown",
                "required": true
              },
              "status": {
                "type": "string",
                "description": "Function status",
                "description_kind": "markdown",
                "computed": true
              },
              "updated_at": {
                "type": "number",
                "description": "Unix timestamp when the function was last updated",
                "description_kind": "markdown",
                "computed": true
              },
              "verify_jwt": {
                "type": "bool",
                "description": "Whether to verify JWT tokens for this function",
                "description_kind": "markdown",
                "optional": true
              }
            },
            "description": "\n\nManages a Supabase edge function.\n\nRefer to the [Supabase Edge Functions documentation](https://supabase.com/docs/guides/functions) for more information.\n\n## Example Usage\n\n~~~hcl\nresource \"supabase_edge_function\" \"example\" {\n  project_ref = \"abcdefghijklmnopqrst\"\n  slug        = \"hello-world\"\n  name        = \"Hello World Function\"\n  body        = file(\"${path.module}/functions/hello-world/index.ts\")\n  verify_jwt  = false\n}\n~~~\n",
            "description_kind": "markdown"
          }
        },
        "supabase_project": {
          "version": 0,
          "block": {
            "attributes": {
              "db_pass": {
                "type": "string",
                "description": "Password for the project database",
                "description_kind": "markdown",
                "required": true,
                "sensitive": true
              },
              "id": {
                "type": "string",
                "description": "Project identifier",
                "description_kind": "markdown",
                "computed": true
              },
              "instance_size": {
                "type": "string",
                "description": "Desired instance size of the project",
                "description_kind": "markdown",
                "optional": true
              },
              "name": {
                "type": "string",
                "description": "Name of the project",
                "description_kind": "markdown",
                "required": true
              },
              "organization_id": {
                "type": "string",
                "description": "Reference to the organization",
                "description_kind": "markdown",
                "required": true
              },
              "region": {
                "type": "string",
                "description": "Region where the project is located",
                "description_kind": "markdown",
                "required": true
              }
            },
            "description": "Project resource",
            "description_kind": "markdown"
          }
        },
        "supabase_settings": {
          "version": 0,
          "block": {
            "attributes": {
              "api": {
                "nested_type": {
                  "attributes": {
                    "db_extra_search_path": {
                      "type": "string",
                      "description": "Extra search path for database schemas",
                      "description_kind": "markdown",
                      "optional": true
                    },
                    "db_pool": {
                      "type": "number",
                      "description": "Database connection pool size",
                      "description_kind": "markdown",
                      "optional": true
                    },
                    "db_schema": {
                      "type": "string",
                      "description": "Database schemas to expose via PostgREST",
                      "description_kind": "markdown",
                      "optional": true
                    },
                    "max_rows": {
                      "type": "number",
                      "description": "Maximum number of rows returned in a single request",
                      "description_kind": "markdown",
                      "optional": true
                    }
                  },
                  "nesting_mode": "single"
                },
                "description": "API settings as [structured configuration](https://api.supabase.com/api/v1#/v1-update-postgrest-service-config)",
                "description_kind": "markdown",
                "optional": true
              },
              "auth": {
                "nested_type": {
                  "attributes": {
                    "api_max_request_duration": {
                      "type": "number",
                      "description": "Maximum request duration in seconds",
                      "description_kind": "markdown",
                      "optional": true
                    },
                    "db_max_pool_size": {
                      "type": "number",
                      "description": "Maximum database connection pool size",
                      "description_kind": "markdown",
                      "optional": true
                    },
                    "disable_signup": {
                      "type": "bool",
                      "description": "Disable new user signups",
                      "description_kind": "markdown",
                      "optional": true
                    },
                    "external_anonymous_users_enabled": {
                      "type": "bool",
                      "description": "Enable anonymous users",
                      "description_kind": "markdown",
                      "optional": true
                    },
                    "external_apple": {
                      "nested_type": {
                        "attributes": {
                          "additional_client_ids": {
                            "type": "string",
                            "description": "Additional Apple client IDs",
                            "description_kind": "markdown",
                            "optional": true
                          },
                          "client_id": {
                            "type": "string",
                            "description": "Apple OAuth application client ID",
                            "description_kind": "markdown",
                            "optional": true,
                            "sensitive": true
                          },
                          "enabled": {
                            "type": "bool",
                            "description": "Enable Apple provider",
                            "description_kind": "markdown",
                            "optional": true
                          },
                          "redirect_uri": {
                            "type": "string",
                            "description": "Apple OAuth redirect URI",
                            "description_kind": "markdown",
                            "optional": true
                          },
                          "secret": {
                            "type": "string",
                            "description": "Apple OAuth application secret",
                            "description_kind": "markdown",
                            "optional": true,
                            "sensitive": true
                          },
                          "url": {
                            "type": "string",
                            "description": "Apple OAuth server URL",
                            "description_kind": "markdown",
                            "optional": true
                          }
                        },
                        "nesting_mode": "single"
                      },
                      "description": "Apple OAuth configuration",
                      "description_kind": "markdown",
                      "optional": true
                    },
                    "external_apple_client_id": {
                      "type": "string",
                      "description": "Apple OAuth client ID (direct)",
                      "description_kind": "markdown",
                      "optional": true,
                      "sensitive": true
                    },
                    "external_apple_enabled": {
                      "type": "bool",
                      "description": "Enable Apple OAuth (direct)",
                      "description_kind": "markdown",
                      "optional": true
                    },
                    "external_azure": {
                      "nested_type": {
                        "attributes": {
                          "additional_client_ids": {
                            "type": "string",
                            "description": "Additional Azure client IDs",
                            "description_kind": "markdown",
                            "optional": true
                          },
                          "client_id": {
                            "type": "string",
                            "description": "Azure OAuth application client ID",
                            "description_kind": "markdown",
                            "optional": true,
                            "sensitive": true
                          },
                          "enabled": {
                            "type": "bool",
                            "description": "Enable Azure provider",
                            "description_kind": "markdown",
                            "optional": true
                          },
                          "redirect_uri": {
                            "type": "string",
                            "description": "Azure OAuth redirect URI",
                            "description_kind": "markdown",
                            "optional": true
                          },
                          "secret": {
                            "type": "string",
                            "description": "Azure OAuth application secret",
                            "description_kind": "markdown",
                            "optional": true,
                            "sensitive": true
                          },
                          "url": {
                            "type": "string",
                            "description": "Azure OAuth server URL",
                            "description_kind": "markdown",
                            "optional": true
                          }
                        },
                        "nesting_mode": "single"
                      },
                      "description": "Azure OAuth configuration",
                      "description_kind": "markdown",
                      "optional": true
                    },
                    "external_azure_client_id": {
                      "type": "string",
                      "description": "Azure OAuth client ID (direct)",
                      "description_kind": "markdown",
                      "optional": true,
                      "sensitive": true
                    },
                    "external_azure_enabled": {
                      "type": "bool",
                      "description": "Enable Azure OAuth (direct)",
                      "description_kind": "markdown",
                      "optional": true
                    },
                    "external_bitbucket": {
                      "nested_type": {
                        "attributes": {
                          "additional_client_ids": {
                            "type": "string",
                            "description": "Additional Bitbucket client IDs",
                            "description_kind": "markdown",
                            "optional": true
                          },
                          "client_id": {
                            "type": "string",
                            "description": "Bitbucket OAuth application client ID",
                            "description_kind": "markdown",
                            "optional": true,
                            "sensitive": true
                          },
                          "enabled": {
                            "type": "bool",
                            "description": "Enable Bitbucket provider",
                            "description_kind": "markdown",
                            "optional": true
                          },
                          "redirect_uri": {
                            "type": "string",
                            "description": "Bitbucket OAuth redirect URI",
                            "description_kind": "markdown",
                            "optional": true
                          },
                          "secret": {
                            "type": "string",
                            "description": "Bitbucket OAuth application secret",
                            "description_kind": "markdown",
                            "optional": true,
                            "sensitive": true
                          },
                          "url": {
                            "type": "string",
                            "description": "Bitbucket OAuth server URL",
                            "description_kind": "markdown",
                            "optional": true
                          }
                        },
                        "nesting_mode": "single"
                      },
                      "description": "Bitbucket OAuth configuration",
                      "description_kind": "markdown",
                      "optional": true
                    },
                    "external_discord": {
                      "nested_type": {
                        "attributes": {
                          "additional_client_ids": {
                            "type": "string",
                            "description": "Additional Discord client IDs",
                            "description_kind": "markdown",
                            "optional": true
                          },
                          "client_id": {
                            "type": "string",
                            "description": "Discord OAuth application client ID",
                            "description_kind": "markdown",
                            "optional": true,
                            "sensitive": true
                          },
                          "enabled": {
                            "type": "bool",
                            "description": "Enable Discord provider",
                            "description_kind": "markdown",
                            "optional": true
                          },
                          "redirect_uri": {
                            "type": "string",
                            "description": "Discord OAuth redirect URI",
                            "description_kind": "markdown",
                            "optional": true
                          },
                          "secret": {
                            "type": "string",
                            "description": "Discord OAuth application secret",
                            "description_kind": "markdown",
                            "optional": true,
                            "sensitive": true
                          },
                          "url": {
                            "type": "string",
                            "description": "Discord OAuth server URL",
                            "description_kind": "markdown",
                            "optional": true
                          }
                        },
                        "nesting_mode": "single"
                      },
                      "description": "Discord OAuth configuration",
                      "description_kind": "markdown",
                      "optional": true
                    },
                    "external_discord_client_id": {
                      "type": "string",
                      "description": "Discord OAuth client ID (direct)",
                      "description_kind": "markdown",
                      "optional": true,
                      "sensitive": true
                    },
                    "external_discord_enabled": {
                      "type": "bool",
                      "description": "Enable Discord OAuth (direct)",
                      "description_kind": "markdown",
                      "optional": true
                    },
                    "external_email_enabled": {
                      "type": "bool",
                      "description": "Enable email/password authentication",
                      "description_kind": "markdown",
                      "optional": true
                    },
                    "external_facebook": {
                      "nested_type": {
                        "attributes": {
                          "additional_client_ids": {
                            "type": "string",
                            "description": "Additional Facebook client IDs",
                            "description_kind": "markdown",
                            "optional": true
                          },
                          "client_id": {
                            "type": "string",
                            "description": "Facebook OAuth application client ID",
                            "description_kind": "markdown",
                            "optional": true,
                            "sensitive": true
                          },
                          "enabled": {
                            "type": "bool",
                            "description": "Enable Facebook provider",
                            "description_kind": "markdown",
                            "optional": true
                          },
                          "redirect_uri": {
                            "type": "string",
                            "description": "Facebook OAuth redirect URI",
                            "description_kind": "markdown",
                            "optional": true
                          },
                          "secret": {
                            "type": "string",
                            "description": "Facebook OAuth application secret",
                            "description_kind": "markdown",
                            "optional": true,
                            "sensitive": true
                          },
                          "url": {
                            "type": "string",
                            "description": "Facebook OAuth server URL",
                            "description_kind": "markdown",
                            "optional": true
                          }
                        },
                        "nesting_mode": "single"
                      },
                      "description": "Facebook OAuth configuration",
                      "description_kind": "markdown",
                      "optional": true
                    },
                    "external_facebook_client_id": {
                      "type": "string",
                      "description": "Facebook OAuth client ID (direct)",
                      "description_kind": "markdown",
                      "optional": true,
                      "sensitive": true
                    },
                    "external_facebook_enabled": {
                      "type": "bool",
                      "description": "Enable Facebook OAuth (direct)",
                      "description_kind": "markdown",
                      "optional": true
                    },
                    "external_figma": {
                      "nested_type": {
                        "attributes": {
                          "additional_client_ids": {
                            "type": "string",
                            "description": "Additional Figma client IDs",
                            "description_kind": "markdown",
                            "optional": true
                          },
                          "client_id": {
                            "type": "string",
                            "description": "Figma OAuth application client ID",
                            "description_kind": "markdown",
                            "optional": true,
                            "sensitive": true
                          },
                          "enabled": {
                            "type": "bool",
                            "description": "Enable Figma provider",
                            "description_kind": "markdown",
                            "optional": true
                          },
                          "redirect_uri": {
                            "type": "string",
                            "description": "Figma OAuth redirect URI",
                            "description_kind": "markdown",
                            "optional": true
                          },
                          "secret": {
                            "type": "string",
                            "description": "Figma OAuth application secret",
                            "description_kind": "markdown",
                            "optional": true,
                            "sensitive": true
                          },
                          "url": {
                            "type": "string",
                            "description": "Figma OAuth server URL",
                            "description_kind": "markdown",
                            "optional": true
                          }
                        },
                        "nesting_mode": "single"
                      },
                      "description": "Figma OAuth configuration",
                      "description_kind": "markdown",
                      "optional": true
                    },
                    "external_github": {
                      "nested_type": {
                        "attributes": {
                          "additional_client_ids": {
                            "type": "string",
                            "description": "Additional GitHub client IDs",
                            "description_kind": "markdown",
                            "optional": true
                          },
                          "client_id": {
                            "type": "string",
                            "description": "GitHub OAuth application client ID",
                            "description_kind": "markdown",
                            "optional": true,
                            "sensitive": true
                          },
                          "enabled": {
                            "type": "bool",
                            "description": "Enable GitHub provider",
                            "description_kind": "markdown",
                            "optional": true
                          },
                          "redirect_uri": {
                            "type": "string",
                            "description": "GitHub OAuth redirect URI",
                            "description_kind": "markdown",
                            "optional": true
                          },
                          "secret": {
                            "type": "string",
                            "description": "GitHub OAuth application secret",
                            "description_kind": "markdown",
                            "optional": true,
                            "sensitive": true
                          },
                          "url": {
                            "type": "string",
                            "description": "GitHub OAuth server URL",
                            "description_kind": "markdown",
                            "optional": true
                          }
                        },
                        "nesting_mode": "single"
                      },
                      "description": "GitHub OAuth configuration",
                      "description_kind": "markdown",
                      "optional": true
                    },
                    "external_github_client_id": {
                      "type": "string",
                      "description": "GitHub OAuth client ID (direct)",
                      "description_kind": "markdown",
                      "optional": true,
                      "sensitive": true
                    },
                    "external_github_enabled": {
                      "type": "bool",
                      "description": "Enable GitHub OAuth (direct)",
                      "description_kind": "markdown",
                      "optional": true
                    },
                    "external_gitlab": {
                      "nested_type": {
                        "attributes": {
                          "additional_client_ids": {
                            "type": "string",
                            "description": "Additional GitLab client IDs",
                            "description_kind": "markdown",
                            "optional": true
                          },
                          "client_id": {
                            "type": "string",
                            "description": "GitLab OAuth application client ID",
                            "description_kind": "markdown",
                            "optional": true,
                            "sensitive": true
                          },
                          "enabled": {
                            "type": "bool",
                            "description": "Enable GitLab provider",
                            "description_kind": "markdown",
                            "optional": true
                          },
                          "redirect_uri": {
                            "type": "string",
                            "description": "GitLab OAuth redirect URI",
                            "description_kind": "markdown",
                            "optional": true
                          },
                          "secret": {
                            "type": "string",
                            "description": "GitLab OAuth application secret",
                            "description_kind": "markdown",
                            "optional": true,
                            "sensitive": true
                          },
                          "url": {
                            "type": "string",
                            "description": "GitLab OAuth server URL",
                            "description_kind": "markdown",
                            "optional": true
                          }
                        },
                        "nesting_mode": "single"
                      },
                      "description": "GitLab OAuth configuration",
                      "description_kind": "markdown",
                      "optional": true
                    },
                    "external_google": {
                      "nested_type": {
                        "attributes": {
                          "additional_client_ids": {
                            "type": "string",
                            "description": "Additional Google client IDs",
                            "description_kind": "markdown",
                            "optional": true
                          },
                          "client_id": {
                            "type": "string",
                            "description": "Google OAuth application client ID",
                            "description_kind": "markdown",
                            "optional": true,
                            "sensitive": true
                          },
                          "enabled": {
                            "type": "bool",
                            "description": "Enable Google provider",
                            "description_kind": "markdown",
                            "optional": true
                          },
                          "redirect_uri": {
                            "type": "string",
                            "description": "Google OAuth redirect URI",
                            "description_kind": "markdown",
                            "optional": true
                          },
                          "secret": {
                            "type": "string",
                            "description": "Google OAuth application secret",
                            "description_kind": "markdown",
                            "optional": true,
                            "sensitive": true
                          },
                          "url": {
                            "type": "string",
                            "description": "Google OAuth server URL",
                            "description_kind": "markdown",
                            "optional": true
                          }
                        },
                        "nesting_mode": "single"
                      },
                      "description": "Google OAuth configuration",
                      "description_kind": "markdown",
                      "optional": true
                    },
                    "external_google_client_id": {
                      "type": "string",
                      "description": "Google OAuth client ID (direct)",
                      "description_kind": "markdown",
                      "optional": true,
                      "sensitive": true
                    },
                    "external_google_enabled": {
                      "type": "bool",
                      "description": "Enable Google OAuth (direct)",
                      "description_kind": "markdown",
                      "optional": true
                    },
                    "external_google_skip_nonce_check": {
                      "type": "bool",
                      "description": "Skip nonce check for Google OAuth",
                      "description_kind": "markdown",
                      "optional": true
                    },
                    "external_kakao": {
                      "nested_type": {
                        "attributes": {
                          "additional_client_ids": {
                            "type": "string",
                            "description": "Additional Kakao client IDs",
                            "description_kind": "markdown",
                            "optional": true
                          },
                          "client_id": {
                            "type": "string",
                            "description": "Kakao OAuth application client ID",
                            "description_kind": "markdown",
                            "optional": true,
                            "sensitive": true
                          },
                          "enabled": {
                            "type": "bool",
                            "description": "Enable Kakao provider",
                            "description_kind": "markdown",
                            "optional": true
                          },
                          "redirect_uri": {
                            "type": "string",
                            "description": "Kakao OAuth redirect URI",
                            "description_kind": "markdown",
                            "optional": true
                          },
                          "secret": {
                            "type": "string",
                            "description": "Kakao OAuth application secret",
                            "description_kind": "markdown",
                            "optional": true,
                            "sensitive": true
                          },
                          "url": {
                            "type": "string",
                            "description": "Kakao OAuth server URL",
                            "description_kind": "markdown",
                            "optional": true
                          }
                        },
                        "nesting_mode": "single"
                      },
                      "description": "Kakao OAuth configuration",
                      "description_kind": "markdown",
                      "optional": true
                    },
                    "external_keycloak": {
                      "nested_type": {
                        "attributes": {
                          "additional_client_ids": {
                            "type": "string",
                            "description": "Additional Keycloak client IDs",
                            "description_kind": "markdown",
                            "optional": true
                          },
                          "client_id": {
                            "type": "string",
                            "description": "Keycloak OAuth application client ID",
                            "description_kind": "markdown",
                            "optional": true,
                            "sensitive": true
                          },
                          "enabled": {
                            "type": "bool",
                            "description": "Enable Keycloak provider",
                            "description_kind": "markdown",
                            "optional": true
                          },
                          "redirect_uri": {
                            "type": "string",
                            "description": "Keycloak OAuth redirect URI",
                            "description_kind": "markdown",
                            "optional": true
                          },
                          "secret": {
                            "type": "string",
                            "description": "Keycloak OAuth application secret",
                            "description_kind": "markdown",
                            "optional": true,
                            "sensitive": true
                          },
                          "url": {
                            "type": "string",
                            "description": "Keycloak OAuth server URL",
                            "description_kind": "markdown",
                            "optional": true
                          }
                        },
                        "nesting_mode": "single"
                      },
                      "description": "Keycloak OAuth configuration",
                      "description_kind": "markdown",
                      "optional": true
                    },
                    "external_linkedin_oidc": {
                      "nested_type": {
                        "attributes": {
                          "additional_client_ids": {
                            "type": "string",
                            "description": "Additional LinkedIn OIDC client IDs",
                            "description_kind": "markdown",
                            "optional": true
                          },
                          "client_id": {
                            "type": "string",
                            "description": "LinkedIn OIDC OAuth application client ID",
                            "description_kind": "markdown",
                            "optional": true,
                            "sensitive": true
                          },
                          "enabled": {
                            "type": "bool",
                            "description": "Enable LinkedIn OIDC provider",
                            "description_kind": "markdown",
                            "optional": true
                          },
                          "redirect_uri": {
                            "type": "string",
                            "description": "LinkedIn OIDC OAuth redirect URI",
                            "description_kind": "markdown",
                            "optional": true
                          },
                          "secret": {
                            "type": "string",
                            "description": "LinkedIn OIDC OAuth application secret",
                            "description_kind": "markdown",
                            "optional": true,
                            "sensitive": true
                          },
                          "url": {
                            "type": "string",
                            "description": "LinkedIn OIDC OAuth server URL",
                            "description_kind": "markdown",
                            "optional": true
                          }
                        },
                        "nesting_mode": "single"
                      },
                      "description": "LinkedIn OIDC OAuth configuration",
                      "description_kind": "markdown",
                      "optional": true
                    },
                    "external_notion": {
                      "nested_type": {
                        "attributes": {
                          "additional_client_ids": {
                            "type": "string",
                            "description": "Additional Notion client IDs",
                            "description_kind": "markdown",
                            "optional": true
                          },
                          "client_id": {
                            "type": "string",
                            "description": "Notion OAuth application client ID",
                            "description_kind": "markdown",
                            "optional": true,
                            "sensitive": true
                          },
                          "enabled": {
                            "type": "bool",
                            "description": "Enable Notion provider",
                            "description_kind": "markdown",
                            "optional": true
                          },
                          "redirect_uri": {
                            "type": "string",
                            "description": "Notion OAuth redirect URI",
                            "description_kind": "markdown",
                            "optional": true
                          },
                          "secret": {
                            "type": "string",
                            "description": "Notion OAuth application secret",
                            "description_kind": "markdown",
                            "optional": true,
                            "sensitive": true
                          },
                          "url": {
                            "type": "string",
                            "description": "Notion OAuth server URL",
                            "description_kind": "markdown",
                            "optional": true
                          }
                        },
                        "nesting_mode": "single"
                      },
                      "description": "Notion OAuth configuration",
                      "description_kind": "markdown",
                      "optional": true
                    },
                    "external_phone_enabled": {
                      "type": "bool",
                      "description": "Enable phone authentication",
                      "description_kind": "markdown",
                      "optional": true
                    },
                    "external_slack": {
                      "nested_type": {
                        "attributes": {
                          "additional_client_ids": {
                            "type": "string",
                            "description": "Additional Slack client IDs",
                            "description_kind": "markdown",
                            "optional": true
                          },
                          "client_id": {
                            "type": "string",
                            "description": "Slack OAuth application client ID",
                            "description_kind": "markdown",
                            "optional": true,
                            "sensitive": true
                          },
                          "enabled": {
                            "type": "bool",
                            "description": "Enable Slack provider",
                            "description_kind": "markdown",
                            "optional": true
                          },
                          "redirect_uri": {
                            "type": "string",
                            "description": "Slack OAuth redirect URI",
                            "description_kind": "markdown",
                            "optional": true
                          },
                          "secret": {
                            "type": "string",
                            "description": "Slack OAuth application secret",
                            "description_kind": "markdown",
                            "optional": true,
                            "sensitive": true
                          },
                          "url": {
                            "type": "string",
                            "description": "Slack OAuth server URL",
                            "description_kind": "markdown",
                            "optional": true
                          }
                        },
                        "nesting_mode": "single"
                      },
                      "description": "Slack OAuth configuration",
                      "description_kind": "markdown",
                      "optional": true
                    },
                    "external_slack_oidc": {
                      "nested_type": {
                        "attributes": {
                          "additional_client_ids": {
                            "type": "string",
                            "description": "Additional Slack OIDC client IDs",
                            "description_kind": "markdown",
                            "optional": true
                          },
                          "client_id": {
                            "type": "string",
                            "description": "Slack OIDC OAuth application client ID",
                            "description_kind": "markdown",
                            "optional": true,
                            "sensitive": true
                          },
                          "enabled": {
                            "type": "bool",
                            "description": "Enable Slack OIDC provider",
                            "description_kind": "markdown",
                            "optional": true
                          },
                          "redirect_uri": {
                            "type": "string",
                            "description": "Slack OIDC OAuth redirect URI",
                            "description_kind": "markdown",
                            "optional": true
                          },
                          "secret": {
                            "type": "string",
                            "description": "Slack OIDC OAuth application secret",
                            "description_kind": "markdown",
                            "optional": true,
                            "sensitive": true
                          },
                          "url": {
                            "type": "string",
                            "description": "Slack OIDC OAuth server URL",
                            "description_kind": "markdown",
                            "optional": true
                          }
                        },
                        "nesting_mode": "single"
                      },
                      "description": "Slack OIDC OAuth configuration",
                      "description_kind": "markdown",
                      "optional": true
                    },
                    "external_spotify": {
                      "nested_type": {
                        "attributes": {
                          "additional_client_ids": {
                            "type": "string",
                            "description": "Additional Spotify client IDs",
                            "description_kind": "markdown",
                            "optional": true
                          },
                          "client_id": {
                            "type": "string",
                            "description": "Spotify OAuth application client ID",
                            "description_kind": "markdown",
                            "optional": true,
                            "sensitive": true
                          },
                          "enabled": {
                            "type": "bool",
                            "description": "Enable Spotify provider",
                            "description_kind": "markdown",
                            "optional": true
                          },
                          "redirect_uri": {
                            "type": "string",
                            "description": "Spotify OAuth redirect URI",
                            "description_kind": "markdown",
                            "optional": true
                          },
                          "secret": {
                            "type": "string",
                            "description": "Spotify OAuth application secret",
                            "description_kind": "markdown",
                            "optional": true,
                            "sensitive": true
                          },
                          "url": {
                            "type": "string",
                            "description": "Spotify OAuth server URL",
                            "description_kind": "markdown",
                            "optional": true
                          }
                        },
                        "nesting_mode": "single"
                      },
                      "description": "Spotify OAuth configuration",
                      "description_kind": "markdown",
                      "optional": true
                    },
                    "external_twitch": {
                      "nested_type": {
                        "attributes": {
                          "additional_client_ids": {
                            "type": "string",
                            "description": "Additional Twitch client IDs",
                            "description_kind": "markdown",
                            "optional": true
                          },
                          "client_id": {
                            "type": "string",
                            "description": "Twitch OAuth application client ID",
                            "description_kind": "markdown",
                            "optional": true,
                            "sensitive": true
                          },
                          "enabled": {
                            "type": "bool",
                            "description": "Enable Twitch provider",
                            "description_kind": "markdown",
                            "optional": true
                          },
                          "redirect_uri": {
                            "type": "string",
                            "description": "Twitch OAuth redirect URI",
                            "description_kind": "markdown",
                            "optional": true
                          },
                          "secret": {
                            "type": "string",
                            "description": "Twitch OAuth application secret",
                            "description_kind": "markdown",
                            "optional": true,
                            "sensitive": true
                          },
                          "url": {
                            "type": "string",
                            "description": "Twitch OAuth server URL",
                            "description_kind": "markdown",
                            "optional": true
                          }
                        },
                        "nesting_mode": "single"
                      },
                      "description": "Twitch OAuth configuration",
                      "description_kind": "markdown",
                      "optional": true
                    },
                    "external_twitter": {
                      "nested_type": {
                        "attributes": {
                          "additional_client_ids": {
                            "type": "string",
                            "description": "Additional Twitter client IDs",
                            "description_kind": "markdown",
                            "optional": true
                          },
                          "client_id": {
                            "type": "string",
                            "description": "Twitter OAuth application client ID",
                            "description_kind": "markdown",
                            "optional": true,
                            "sensitive": true
                          },
                          "enabled": {
                            "type": "bool",
                            "description": "Enable Twitter provider",
                            "description_kind": "markdown",
                            "optional": true
                          },
                          "redirect_uri": {
                            "type": "string",
                            "description": "Twitter OAuth redirect URI",
                            "description_kind": "markdown",
                            "optional": true
                          },
                          "secret": {
                            "type": "string",
                            "description": "Twitter OAuth application secret",
                            "description_kind": "markdown",
                            "optional": true,
                            "sensitive": true
                          },
                          "url": {
                            "type": "string",
                            "description": "Twitter OAuth server URL",
                            "description_kind": "markdown",
                            "optional": true
                          }
                        },
                        "nesting_mode": "single"
                      },
                      "description": "Twitter OAuth configuration",
                      "description_kind": "markdown",
                      "optional": true
                    },
                    "external_workos": {
                      "nested_type": {
                        "attributes": {
                          "additional_client_ids": {
                            "type": "string",
                            "description": "Additional WorkOS client IDs",
                            "description_kind": "markdown",
                            "optional": true
                          },
                          "client_id": {
                            "type": "string",
                            "description": "WorkOS OAuth application client ID",
                            "description_kind": "markdown",
                            "optional": true,
                            "sensitive": true
                          },
                          "enabled": {
                            "type": "bool",
                            "description": "Enable WorkOS provider",
                            "description_kind": "markdown",
                            "optional": true
                          },
                          "redirect_uri": {
                            "type": "string",
                            "description": "WorkOS OAuth redirect URI",
                            "description_kind": "markdown",
                            "optional": true
                          },
                          "secret": {
                            "type": "string",
                            "description": "WorkOS OAuth application secret",
                            "description_kind": "markdown",
                            "optional": true,
                            "sensitive": true
                          },
                          "url": {
                            "type": "string",
                            "description": "WorkOS OAuth server URL",
                            "description_kind": "markdown",
                            "optional": true
                          }
                        },
                        "nesting_mode": "single"
                      },
                      "description": "WorkOS OAuth configuration",
                      "description_kind": "markdown",
                      "optional": true
                    },
                    "external_zoom": {
                      "nested_type": {
                        "attributes": {
                          "additional_client_ids": {
                            "type": "string",
                            "description": "Additional Zoom client IDs",
                            "description_kind": "markdown",
                            "optional": true
                          },
                          "client_id": {
                            "type": "string",
                            "description": "Zoom OAuth application client ID",
                            "description_kind": "markdown",
                            "optional": true,
                            "sensitive": true
                          },
                          "enabled": {
                            "type": "bool",
                            "description": "Enable Zoom provider",
                            "description_kind": "markdown",
                            "optional": true
                          },
                          "redirect_uri": {
                            "type": "string",
                            "description": "Zoom OAuth redirect URI",
                            "description_kind": "markdown",
                            "optional": true
                          },
                          "secret": {
                            "type": "string",
                            "description": "Zoom OAuth application secret",
                            "description_kind": "markdown",
                            "optional": true,
                            "sensitive": true
                          },
                          "url": {
                            "type": "string",
                            "description": "Zoom OAuth server URL",
                            "description_kind": "markdown",
                            "optional": true
                          }
                        },
                        "nesting_mode": "single"
                      },
                      "description": "Zoom OAuth configuration",
                      "description_kind": "markdown",
                      "optional": true
                    },
                    "hook_custom_access_token_enabled": {
                      "type": "bool",
                      "description": "Enable custom access token hook",
                      "description_kind": "markdown",
                      "optional": true
                    },
                    "hook_custom_access_token_secrets": {
                      "type": "string",
                      "description": "Custom access token hook secrets",
                      "description_kind": "markdown",
                      "optional": true,
                      "sensitive": true
                    },
                    "hook_custom_access_token_uri": {
                      "type": "string",
                      "description": "Custom access token hook URI",
                      "description_kind": "markdown",
                      "optional": true
                    },
                    "hook_mfa_verification_attempt_enabled": {
                      "type": "bool",
                      "description": "Enable MFA verification attempt hook",
                      "description_kind": "markdown",
                      "optional": true
                    },
                    "hook_mfa_verification_attempt_secrets": {
                      "type": "string",
                      "description": "MFA verification attempt hook secrets",
                      "description_kind": "markdown",
                      "optional": true,
                      "sensitive": true
                    },
                    "hook_mfa_verification_attempt_uri": {
                      "type": "string",
                      "description": "MFA verification attempt hook URI",
                      "description_kind": "markdown",
                      "optional": true
                    },
                    "hook_password_verification_attempt_enabled": {
                      "type": "bool",
                      "description": "Enable password verification attempt hook",
                      "description_kind": "markdown",
                      "optional": true
                    },
                    "hook_password_verification_attempt_secrets": {
                      "type": "string",
                      "description": "Password verification attempt hook secrets",
                      "description_kind": "markdown",
                      "optional": true,
                      "sensitive": true
                    },
                    "hook_password_verification_attempt_uri": {
                      "type": "string",
                      "description": "Password verification attempt hook URI",
                      "description_kind": "markdown",
                      "optional": true
                    },
                    "hook_send_email_enabled": {
                      "type": "bool",
                      "description": "Enable send email hook",
                      "description_kind": "markdown",
                      "optional": true
                    },
                    "hook_send_email_secrets": {
                      "type": "string",
                      "description": "Send email hook secrets",
                      "description_kind": "markdown",
                      "optional": true,
                      "sensitive": true
                    },
                    "hook_send_email_uri": {
                      "type": "string",
                      "description": "Send email hook URI",
                      "description_kind": "markdown",
                      "optional": true
                    },
                    "hook_send_sms_enabled": {
                      "type": "bool",
                      "description": "Enable send SMS hook",
                      "description_kind": "markdown",
                      "optional": true
                    },
                    "hook_send_sms_secrets": {
                      "type": "string",
                      "description": "Send SMS hook secrets",
                      "description_kind": "markdown",
                      "optional": true,
                      "sensitive": true
                    },
                    "hook_send_sms_uri": {
                      "type": "string",
                      "description": "Send SMS hook URI",
                      "description_kind": "markdown",
                      "optional": true
                    },
                    "jwt_exp": {
                      "type": "number",
                      "description": "JWT token expiration time in seconds",
                      "description_kind": "markdown",
                      "optional": true
                    },
                    "mailer_allow_unverified_email_sign_ins": {
                      "type": "bool",
                      "description": "Allow sign-ins with unverified emails",
                      "description_kind": "markdown",
                      "optional": true
                    },
                    "mailer_autoconfirm": {
                      "type": "bool",
                      "description": "Automatically confirm user emails",
                      "description_kind": "markdown",
                      "optional": true
                    },
                    "mailer_otp_exp": {
                      "type": "number",
                      "description": "Email OTP expiration time in seconds",
                      "description_kind": "markdown",
                      "optional": true
                    },
                    "mailer_otp_length": {
                      "type": "number",
                      "description": "Email OTP length",
                      "description_kind": "markdown",
                      "optional": true
                    },
                    "mailer_secure_email_change_enabled": {
                      "type": "bool",
                      "description": "Enable secure email change process",
                      "description_kind": "markdown",
                      "optional": true
                    },
                    "mailer_subjects_confirmation": {
                      "type": "string",
                      "description": "Email confirmation subject template",
                      "description_kind": "markdown",
                      "optional": true
                    },
                    "mailer_subjects_email_change": {
                      "type": "string",
                      "description": "Email change subject template",
                      "description_kind": "markdown",
                      "optional": true
                    },
                    "mailer_subjects_invite": {
                      "type": "string",
                      "description": "User invite subject template",
                      "description_kind": "markdown",
                      "optional": true
                    },
                    "mailer_subjects_magic_link": {
                      "type": "string",
                      "description": "Magic link subject template",
                      "description_kind": "markdown",
                      "optional": true
                    },
                    "mailer_subjects_reauthentication": {
                      "type": "string",
                      "description": "Reauthentication subject template",
                      "description_kind": "markdown",
                      "optional": true
                    },
                    "mailer_subjects_recovery": {
                      "type": "string",
                      "description": "Password recovery subject template",
                      "description_kind": "markdown",
                      "optional": true
                    },
                    "mailer_templates_confirmation_content": {
                      "type": "string",
                      "description": "Email confirmation content template",
                      "description_kind": "markdown",
                      "optional": true
                    },
                    "mailer_templates_email_change_content": {
                      "type": "string",
                      "description": "Email change content template",
                      "description_kind": "markdown",
                      "optional": true
                    },
                    "mailer_templates_invite_content": {
                      "type": "string",
                      "description": "User invite content template",
                      "description_kind": "markdown",
                      "optional": true
                    },
                    "mailer_templates_magic_link_content": {
                      "type": "string",
                      "description": "Magic link content template",
                      "description_kind": "markdown",
                      "optional": true
                    },
                    "mailer_templates_reauthentication_content": {
                      "type": "string",
                      "description": "Reauthentication content template",
                      "description_kind": "markdown",
                      "optional": true
                    },
                    "mailer_templates_recovery_content": {
                      "type": "string",
                      "description": "Password recovery content template",
                      "description_kind": "markdown",
                      "optional": true
                    },
                    "mfa_max_enrolled_factors": {
                      "type": "number",
                      "description": "Maximum number of MFA factors a user can enroll",
                      "description_kind": "markdown",
                      "optional": true
                    },
                    "mfa_phone_enroll_enabled": {
                      "type": "bool",
                      "description": "Enable phone MFA enrollment",
                      "description_kind": "markdown",
                      "optional": true
                    },
                    "mfa_phone_max_frequency": {
                      "type": "number",
                      "description": "Maximum phone MFA verification attempts per hour",
                      "description_kind": "markdown",
                      "optional": true
                    },
                    "mfa_phone_otp_length": {
                      "type": "number",
                      "description": "Phone MFA OTP code length",
                      "description_kind": "markdown",
                      "optional": true
                    },
                    "mfa_phone_template": {
                      "type": "string",
                      "description": "Phone MFA SMS message template",
                      "description_kind": "markdown",
                      "optional": true
                    },
                    "mfa_phone_verify_enabled": {
                      "type": "bool",
                      "description": "Enable phone MFA verification",
                      "description_kind": "markdown",
                      "optional": true
                    },
                    "mfa_totp_enroll_enabled": {
                      "type": "bool",
                      "description": "Enable TOTP MFA enrollment",
                      "description_kind": "markdown",
                      "optional": true
                    },
                    "mfa_totp_verify_enabled": {
                      "type": "bool",
                      "description": "Enable TOTP MFA verification",
                      "description_kind": "markdown",
                      "optional": true
                    },
                    "mfa_web_authn_enroll_enabled": {
                      "type": "bool",
                      "description": "Enable WebAuthn MFA enrollment",
                      "description_kind": "markdown",
                      "optional": true
                    },
                    "mfa_web_authn_verify_enabled": {
                      "type": "bool",
                      "description": "Enable WebAuthn MFA verification",
                      "description_kind": "markdown",
                      "optional": true
                    },
                    "password_hibp_enabled": {
                      "type": "bool",
                      "description": "Enable Have I Been Pwned password validation",
                      "description_kind": "markdown",
                      "optional": true
                    },
                    "password_min_length": {
                      "type": "number",
                      "description": "Minimum password length",
                      "description_kind": "markdown",
                      "optional": true
                    },
                    "password_required_characters": {
                      "type": "string",
                      "description": "Required character types in passwords (e.g., lower, upper, number, special)",
                      "description_kind": "markdown",
                      "optional": true
                    },
                    "rate_limit_anonymous_users": {
                      "type": "number",
                      "description": "Rate limit for anonymous users per hour",
                      "description_kind": "markdown",
                      "optional": true
                    },
                    "rate_limit_email_sent": {
                      "type": "number",
                      "description": "Rate limit for emails sent per hour",
                      "description_kind": "markdown",
                      "optional": true
                    },
                    "rate_limit_otp": {
                      "type": "number",
                      "description": "Rate limit for OTP requests per hour",
                      "description_kind": "markdown",
                      "optional": true
                    },
                    "rate_limit_sms_sent": {
                      "type": "number",
                      "description": "Rate limit for SMS sent per hour",
                      "description_kind": "markdown",
                      "optional": true
                    },
                    "rate_limit_token_refresh": {
                      "type": "number",
                      "description": "Rate limit for token refresh requests per hour",
                      "description_kind": "markdown",
                      "optional": true
                    },
                    "rate_limit_verify": {
                      "type": "number",
                      "description": "Rate limit for verification requests per hour",
                      "description_kind": "markdown",
                      "optional": true
                    },
                    "refresh_token_rotation_enabled": {
                      "type": "bool",
                      "description": "Enable refresh token rotation",
                      "description_kind": "markdown",
                      "optional": true
                    },
                    "saml_allow_encrypted_assertions": {
                      "type": "bool",
                      "description": "Allow encrypted SAML assertions",
                      "description_kind": "markdown",
                      "optional": true
                    },
                    "saml_enabled": {
                      "type": "bool",
                      "description": "Enable SAML authentication",
                      "description_kind": "markdown",
                      "optional": true
                    },
                    "saml_external_url": {
                      "type": "string",
                      "description": "External SAML URL",
                      "description_kind": "markdown",
                      "optional": true
                    },
                    "security_captcha_enabled": {
                      "type": "bool",
                      "description": "Enable CAPTCHA for authentication",
                      "description_kind": "markdown",
                      "optional": true
                    },
                    "security_captcha_provider": {
                      "type": "string",
                      "description": "CAPTCHA provider (hcaptcha, recaptcha, turnstile)",
                      "description_kind": "markdown",
                      "optional": true
                    },
                    "security_captcha_secret": {
                      "type": "string",
                      "description": "CAPTCHA provider secret key",
                      "description_kind": "markdown",
                      "optional": true,
                      "sensitive": true
                    },
                    "security_manual_linking_enabled": {
                      "type": "bool",
                      "description": "Enable manual account linking",
                      "description_kind": "markdown",
                      "optional": true
                    },
                    "security_refresh_token_reuse_interval": {
                      "type": "number",
                      "description": "Refresh token reuse interval in seconds",
                      "description_kind": "markdown",
                      "optional": true
                    },
                    "security_update_password_require_reauthentication": {
                      "type": "bool",
                      "description": "Require reauthentication for password updates",
                      "description_kind": "markdown",
                      "optional": true
                    },
                    "sessions_inactivity_timeout": {
                      "type": "number",
                      "description": "Session inactivity timeout in seconds",
                      "description_kind": "markdown",
                      "optional": true
                    },
                    "sessions_single_per_user": {
                      "type": "bool",
                      "description": "Allow only one session per user",
                      "description_kind": "markdown",
                      "optional": true
                    },
                    "sessions_tags": {
                      "type": "string",
                      "description": "Session tags for categorization",
                      "description_kind": "markdown",
                      "optional": true
                    },
                    "sessions_timebox": {
                      "type": "number",
                      "description": "Session timebox duration in seconds",
                      "description_kind": "markdown",
                      "optional": true
                    },
                    "site_url": {
                      "type": "string",
                      "description": "Site URL for redirects and email links",
                      "description_kind": "markdown",
                      "optional": true
                    },
                    "sms_autoconfirm": {
                      "type": "bool",
                      "description": "Automatically confirm SMS OTP",
                      "description_kind": "markdown",
                      "optional": true
                    },
                    "sms_max_frequency": {
                      "type": "number",
                      "description": "Maximum SMS send frequency per hour",
                      "description_kind": "markdown",
                      "optional": true
                    },
                    "sms_messagebird_access_key": {
                      "type": "string",
                      "description": "MessageBird access key",
                      "description_kind": "markdown",
                      "optional": true,
                      "sensitive": true
                    },
                    "sms_messagebird_originator": {
                      "type": "string",
                      "description": "MessageBird originator/sender ID",
                      "description_kind": "markdown",
                      "optional": true
                    },
                    "sms_otp_exp": {
                      "type": "number",
                      "description": "SMS OTP expiration time in seconds",
                      "description_kind": "markdown",
                      "optional": true
                    },
                    "sms_otp_length": {
                      "type": "number",
                      "description": "SMS OTP code length",
                      "description_kind": "markdown",
                      "optional": true
                    },
                    "sms_provider": {
                      "type": "string",
                      "description": "SMS provider (twilio, messagebird, textlocal, vonage)",
                      "description_kind": "markdown",
                      "optional": true
                    },
                    "sms_template": {
                      "type": "string",
                      "description": "SMS message template",
                      "description_kind": "markdown",
                      "optional": true
                    },
                    "sms_test_otp": {
                      "type": "string",
                      "description": "Test SMS OTP code for development",
                      "description_kind": "markdown",
                      "optional": true,
                      "sensitive": true
                    },
                    "sms_test_otp_valid_until": {
                      "type": "string",
                      "description": "Test SMS OTP valid until timestamp",
                      "description_kind": "markdown",
                      "optional": true
                    },
                    "sms_textlocal_api_key": {
                      "type": "string",
                      "description": "Textlocal API key",
                      "description_kind": "markdown",
                      "optional": true,
                      "sensitive": true
                    },
                    "sms_textlocal_sender": {
                      "type": "string",
                      "description": "Textlocal sender name",
                      "description_kind": "markdown",
                      "optional": true
                    },
                    "sms_twilio_account_sid": {
                      "type": "string",
                      "description": "Twilio account SID",
                      "description_kind": "markdown",
                      "optional": true,
                      "sensitive": true
                    },
                    "sms_twilio_auth_token": {
                      "type": "string",
                      "description": "Twilio auth token",
                      "description_kind": "markdown",
                      "optional": true,
                      "sensitive": true
                    },
                    "sms_twilio_content_sid": {
                      "type": "string",
                      "description": "Twilio content SID",
                      "description_kind": "markdown",
                      "optional": true
                    },
                    "sms_twilio_message_service_sid": {
                      "type": "string",
                      "description": "Twilio message service SID",
                      "description_kind": "markdown",
                      "optional": true
                    },
                    "sms_twilio_verify_account_sid": {
                      "type": "string",
                      "description": "Twilio verify account SID",
                      "description_kind": "markdown",
                      "optional": true,
                      "sensitive": true
                    },
                    "sms_twilio_verify_auth_token": {
                      "type": "string",
                      "description": "Twilio verify auth token",
                      "description_kind": "markdown",
                      "optional": true,
                      "sensitive": true
                    },
                    "sms_twilio_verify_message_service_sid": {
                      "type": "string",
                      "description": "Twilio verify message service SID",
                      "description_kind": "markdown",
                      "optional": true
                    },
                    "sms_vonage_api_key": {
                      "type": "string",
                      "description": "Vonage API key",
                      "description_kind": "markdown",
                      "optional": true,
                      "sensitive": true
                    },
                    "sms_vonage_api_secret": {
                      "type": "string",
                      "description": "Vonage API secret",
                      "description_kind": "markdown",
                      "optional": true,
                      "sensitive": true
                    },
                    "sms_vonage_from": {
                      "type": "string",
                      "description": "Vonage sender number or name",
                      "description_kind": "markdown",
                      "optional": true
                    },
                    "smtp_admin_email": {
                      "type": "string",
                      "description": "SMTP admin email address",
                      "description_kind": "markdown",
                      "optional": true
                    },
                    "smtp_host": {
                      "type": "string",
                      "description": "SMTP server hostname",
                      "description_kind": "markdown",
                      "optional": true
                    },
                    "smtp_max_frequency": {
                      "type": "number",
                      "description": "Maximum SMTP send frequency per hour",
                      "description_kind": "markdown",
                      "optional": true
                    },
                    "smtp_pass": {
                      "type": "string",
                      "description": "SMTP password",
                      "description_kind": "markdown",
                      "optional": true,
                      "sensitive": true
                    },
                    "smtp_port": {
                      "type": "number",
                      "description": "SMTP server port",
                      "description_kind": "markdown",
                      "optional": true
                    },
                    "smtp_sender_name": {
                      "type": "string",
                      "description": "SMTP sender display name",
                      "description_kind": "markdown",
                      "optional": true
                    },
                    "smtp_user": {
                      "type": "string",
                      "description": "SMTP username",
                      "description_kind": "markdown",
                      "optional": true
                    },
                    "uri_allow_list": {
                      "type": "string",
                      "description": "Comma-separated list of allowed redirect URIs",
                      "description_kind": "markdown",
                      "optional": true
                    }
                  },
                  "nesting_mode": "single"
                },
                "description": "Auth settings as [structured configuration](https://api.supabase.com/api/v1#/v1-update-auth-service-config)",
                "description_kind": "markdown",
                "optional": true
              },
              "database": {
                "nested_type": {
                  "attributes": {
                    "effective_cache_size": {
                      "type": "string",
                      "description": "Amount of memory available for disk caching by the OS and within the database itself",
                      "description_kind": "markdown",
                      "optional": true
                    },
                    "logical_decoding_work_mem": {
                      "type": "string",
                      "description": "Memory used for logical decoding",
                      "description_kind": "markdown",
                      "optional": true
                    },
                    "maintenance_work_mem": {
                      "type": "string",
                      "description": "Maximum amount of memory to be used by maintenance operations",
                      "description_kind": "markdown",
                      "optional": true
                    },
                    "max_connections": {
                      "type": "number",
                      "description": "Maximum number of concurrent connections to the database server",
                      "description_kind": "markdown",
                      "optional": true
                    },
                    "max_locks_per_transaction": {
                      "type": "number",
                      "description": "Maximum number of locks per transaction",
                      "description_kind": "markdown",
                      "optional": true
                    },
                    "max_parallel_maintenance_workers": {
                      "type": "number",
                      "description": "Maximum number of parallel maintenance workers",
                      "description_kind": "markdown",
                      "optional": true
                    },
                    "max_parallel_workers": {
                      "type": "number",
                      "description": "Maximum number of parallel worker processes",
                      "description_kind": "markdown",
                      "optional": true
                    },
                    "max_parallel_workers_per_gather": {
                      "type": "number",
                      "description": "Maximum number of parallel workers per Gather node",
                      "description_kind": "markdown",
                      "optional": true
                    },
                    "max_replication_slots": {
                      "type": "number",
                      "description": "Maximum number of replication slots",
                      "description_kind": "markdown",
                      "optional": true
                    },
                    "max_slot_wal_keep_size": {
                      "type": "string",
                      "description": "Maximum size of WAL files that replication slots are allowed to retain",
                      "description_kind": "markdown",
                      "optional": true
                    },
                    "max_standby_archive_delay": {
                      "type": "string",
                      "description": "Maximum delay before canceling queries when a hot standby server is processing archived WAL data",
                      "description_kind": "markdown",
                      "optional": true
                    },
                    "max_standby_streaming_delay": {
                      "type": "string",
                      "description": "Maximum delay before canceling queries when a hot standby server is processing streamed WAL data",
                      "description_kind": "markdown",
                      "optional": true
                    },
                    "max_wal_senders": {
                      "type": "number",
                      "description": "Maximum number of WAL sender processes",
                      "description_kind": "markdown",
                      "optional": true
                    },
                    "max_wal_size": {
                      "type": "string",
                      "description": "Maximum size to let the WAL grow during automatic checkpoints",
                      "description_kind": "markdown",
                      "optional": true
                    },
                    "max_worker_processes": {
                      "type": "number",
                      "description": "Maximum number of background worker processes",
                      "description_kind": "markdown",
                      "optional": true
                    },
                    "restart_database": {
                      "type": "bool",
                      "description": "Whether to restart the database to apply configuration changes",
                      "description_kind": "markdown",
                      "optional": true
                    },
                    "session_replication_role": {
                      "type": "string",
                      "description": "Controls firing of replication-related triggers and rules (origin, replica, local)",
                      "description_kind": "markdown",
                      "optional": true
                    },
                    "shared_buffers": {
                      "type": "string",
                      "description": "Amount of memory the database server uses for shared memory buffers",
                      "description_kind": "markdown",
                      "optional": true
                    },
                    "statement_timeout": {
                      "type": "string",
                      "description": "Maximum allowed duration of any statement",
                      "description_kind": "markdown",
                      "optional": true
                    },
                    "track_commit_timestamp": {
                      "type": "bool",
                      "description": "Whether to track commit time stamps of transactions",
                      "description_kind": "markdown",
                      "optional": true
                    },
                    "wal_keep_size": {
                      "type": "string",
                      "description": "Minimum size to retain in the pg_wal directory",
                      "description_kind": "markdown",
                      "optional": true
                    },
                    "wal_sender_timeout": {
                      "type": "string",
                      "description": "Maximum time to wait for WAL replication",
                      "description_kind": "markdown",
                      "optional": true
                    },
                    "work_mem": {
                      "type": "string",
                      "description": "Amount of memory to be used by internal sort operations and hash tables",
                      "description_kind": "markdown",
                      "optional": true
                    }
                  },
                  "nesting_mode": "single"
                },
                "description": "Database settings as [structured configuration](https://api.supabase.com/api/v1#/v1-update-postgres-config)",
                "description_kind": "markdown",
                "optional": true
              },
              "id": {
                "type": "string",
                "description": "Project identifier",
                "description_kind": "markdown",
                "computed": true
              },
              "network": {
                "nested_type": {
                  "attributes": {
                    "db_allowed_cidrs": {
                      "type": [
                        "list",
                        "string"
                      ],
                      "description": "List of allowed IPv4 CIDR blocks for database access",
                      "description_kind": "markdown",
                      "optional": true
                    },
                    "db_allowed_cidrs_v6": {
                      "type": [
                        "list",
                        "string"
                      ],
                      "description": "List of allowed IPv6 CIDR blocks for database access",
                      "description_kind": "markdown",
                      "optional": true
                    }
                  },
                  "nesting_mode": "single"
                },
                "description": "Network restrictions settings",
                "description_kind": "markdown",
                "optional": true
              },
              "pooler": {
                "nested_type": {
                  "attributes": {
                    "default_pool_size": {
                      "type": "number",
                      "description": "Default connection pool size",
                      "description_kind": "markdown",
                      "optional": true
                    }
                  },
                  "nesting_mode": "single"
                },
                "description": "Connection pooler settings",
                "description_kind": "markdown",
                "optional": true
              },
              "project_ref": {
                "type": "string",
                "description": "Project reference ID",
                "description_kind": "markdown",
                "required": true
              },
              "storage": {
                "nested_type": {
                  "attributes": {
                    "features": {
                      "nested_type": {
                        "attributes": {
                          "image_transformation": {
                            "nested_type": {
                              "attributes": {
                                "enabled": {
                                  "type": "bool",
                                  "description": "Enable image transformation features",
                                  "description_kind": "markdown",
                                  "optional": true
                                }
                              },
                              "nesting_mode": "single"
                            },
                            "description": "Image transformation feature configuration",
                            "description_kind": "markdown",
                            "optional": true
                          },
                          "s3_protocol": {
                            "nested_type": {
                              "attributes": {
                                "enabled": {
                                  "type": "bool",
                                  "description": "Enable S3 protocol compatibility",
                                  "description_kind": "markdown",
                                  "optional": true
                                }
                              },
                              "nesting_mode": "single"
                            },
                            "description": "S3 protocol feature configuration",
                            "description_kind": "markdown",
                            "optional": true
                          }
                        },
                        "nesting_mode": "single"
                      },
                      "description": "Storage feature flags",
                      "description_kind": "markdown",
                      "optional": true
                    },
                    "file_size_limit": {
                      "type": "number",
                      "description": "Maximum file size limit in bytes",
                      "description_kind": "markdown",
                      "optional": true
                    }
                  },
                  "nesting_mode": "single"
                },
                "description": "Storage configuration settings",
                "description_kind": "markdown",
                "optional": true
              }
            },
            "description": "Settings resource",
            "description_kind": "markdown"
          }
        },
        "supabase_sso_provider": {
          "version": 0,
          "block": {
            "attributes": {
              "attribute_mapping": {
                "type": "string",
                "description": "JSON string of attribute mapping",
                "description_kind": "markdown",
                "optional": true
              },
              "created_at": {
                "type": "string",
                "description": "Creation timestamp",
                "description_kind": "markdown",
                "computed": true
              },
              "domains": {
                "type": [
                  "list",
                  "string"
                ],
                "description": "List of domains for this provider",
                "description_kind": "markdown",
                "optional": true
              },
              "id": {
                "type": "string",
                "description": "Provider ID",
                "description_kind": "markdown",
                "computed": true
              },
              "metadata_url": {
                "type": "string",
                "description": "SAML metadata URL",
                "description_kind": "markdown",
                "optional": true
              },
              "metadata_xml": {
                "type": "string",
                "description": "SAML metadata XML",
                "description_kind": "markdown",
                "optional": true,
                "sensitive": true
              },
              "project_ref": {
                "type": "string",
                "description": "Project reference",
                "description_kind": "markdown",
                "required": true
              },
              "type": {
                "type": "string",
                "description": "Provider type (saml)",
                "description_kind": "markdown",
                "required": true
              },
              "updated_at": {
                "type": "string",
                "description": "Last update timestamp",
                "description_kind": "markdown",
                "computed": true
              }
            },
            "description": "Supabase SSO Provider resource",
            "description_kind": "markdown"
          }
        },
        "supabase_storage_bucket": {
          "version": 0,
          "block": {
            "attributes": {
              "allowed_mime_types": {
                "type": [
                  "list",
                  "string"
                ],
                "description": "Allowed MIME types (null for no restriction). Use wildcards like 'image/*'",
                "description_kind": "markdown",
                "optional": true
              },
              "created_at": {
                "type": "string",
                "description": "When the bucket was created",
                "description_kind": "markdown",
                "computed": true
              },
              "file_size_limit": {
                "type": "number",
                "description": "Maximum file size in bytes (null for no limit)",
                "description_kind": "markdown",
                "optional": true
              },
              "id": {
                "type": "string",
                "description": "Bucket ID",
                "description_kind": "markdown",
                "computed": true
              },
              "name": {
                "type": "string",
                "description": "Bucket name (must be unique within project). Must contain only lowercase letters, numbers, dots, and hyphens.",
                "description_kind": "markdown",
                "required": true
              },
              "owner": {
                "type": "string",
                "description": "Bucket owner ID",
                "description_kind": "markdown",
                "computed": true
              },
              "project_ref": {
                "type": "string",
                "description": "Project reference ID",
                "description_kind": "markdown",
                "required": true
              },
              "public": {
                "type": "bool",
                "description": "Whether the bucket is publicly accessible",
                "description_kind": "markdown",
                "required": true
              },
              "updated_at": {
                "type": "string",
                "description": "When the bucket was last updated",
                "description_kind": "markdown",
                "computed": true
              }
            },
            "description": "\n\nManages a Supabase storage bucket.\n\nRefer to the [Supabase Storage documentation](https://supabase.com/docs/guides/storage) for more information.\n\n## Example Usage\n\n~~~hcl\nresource \"supabase_storage_bucket\" \"example\" {\n  project_ref    = \"abcdefghijklmnopqrst\"\n  name           = \"my-bucket\"\n  public         = false\n  file_size_limit = 52428800  # 50MB\n  allowed_mime_types = [\"image/*\", \"video/mp4\"]\n}\n~~~\n",
            "description_kind": "markdown"
          }
        }
      },
      "data_source_schemas": {
        "supabase_apikeys": {
          "version": 0,
          "block": {
            "attributes": {
              "anon_key": {
                "type": "string",
                "description": "Anonymous API key for the project",
                "description_kind": "markdown",
                "computed": true,
                "sensitive": true
              },
              "project_ref": {
                "type": "string",
                "description": "Project reference ID",
                "description_kind": "markdown",
                "required": true
              },
              "service_role_key": {
                "type": "string",
                "description": "Service role API key for the project",
                "description_kind": "markdown",
                "computed": true,
                "sensitive": true
              }
            },
            "description": "API Keys data source",
            "description_kind": "markdown"
          }
        },
        "supabase_branch": {
          "version": 0,
          "block": {
            "attributes": {
              "branches": {
                "nested_type": {
                  "attributes": {
                    "git_branch": {
                      "type": "string",
                      "description": "Git branch",
                      "description_kind": "markdown",
                      "computed": true
                    },
                    "id": {
                      "type": "string",
                      "description": "Branch identifier",
                      "description_kind": "markdown",
                      "computed": true
                    },
                    "project_ref": {
                      "type": "string",
                      "description": "Branch project ref",
                      "description_kind": "markdown",
                      "computed": true
                    }
                  },
                  "nesting_mode": "set"
                },
                "description": "Branch databases",
                "description_kind": "markdown",
                "computed": true
              },
              "parent_project_ref": {
                "type": "string",
                "description": "Parent project ref",
                "description_kind": "markdown",
                "required": true
              }
            },
            "description": "Branch data source",
            "description_kind": "markdown"
          }
        },
        "supabase_pooler": {
          "version": 0,
          "block": {
            "attributes": {
              "project_ref": {
                "type": "string",
                "description": "Project ref",
                "description_kind": "markdown",
                "required": true
              },
              "url": {
                "type": [
                  "map",
                  "string"
                ],
                "description": "Map of pooler mode to connection string",
                "description_kind": "markdown",
                "computed": true
              }
            },
            "description": "Pooler data source",
            "description_kind": "markdown"
          }
        },
        "supabase_sso_providers": {
          "version": 0,
          "block": {
            "attributes": {
              "project_ref": {
                "type": "string",
                "description": "Project reference",
                "description_kind": "markdown",
                "required": true
              },
              "providers": {
                "nested_type": {
                  "attributes": {
                    "created_at": {
                      "type": "string",
                      "description": "Creation timestamp",
                      "description_kind": "markdown",
                      "computed": true
                    },
                    "domains": {
                      "type": [
                        "list",
                        "string"
                      ],
                      "description": "List of domains for this provider",
                      "description_kind": "markdown",
                      "computed": true
                    },
                    "id": {
                      "type": "string",
                      "description": "Provider ID",
                      "description_kind": "markdown",
                      "computed": true
                    },
                    "type": {
                      "type": "string",
                      "description": "Provider type",
                      "description_kind": "markdown",
                      "computed": true
                    },
                    "updated_at": {
                      "type": "string",
                      "description": "Last update timestamp",
                      "description_kind": "markdown",
                      "computed": true
                    }
                  },
                  "nesting_mode": "list"
                },
                "description": "List of SSO providers",
                "description_kind": "markdown",
                "computed": true
              }
            },
            "description": "Retrieve a list of SSO providers for a Supabase project",
            "description_kind": "markdown"
          }
        },
        "supabase_storage_buckets": {
          "version": 0,
          "block": {
            "attributes": {
              "buckets": {
                "nested_type": {
                  "attributes": {
                    "created_at": {
                      "type": "string",
                      "description": "When the bucket was created",
                      "description_kind": "markdown",
                      "computed": true
                    },
                    "id": {
                      "type": "string",
                      "description": "Bucket ID",
                      "description_kind": "markdown",
                      "computed": true
                    },
                    "name": {
                      "type": "string",
                      "description": "Bucket name",
                      "description_kind": "markdown",
                      "computed": true
                    },
                    "owner": {
                      "type": "string",
                      "description": "Bucket owner ID",
                      "description_kind": "markdown",
                      "computed": true
                    },
                    "public": {
                      "type": "bool",
                      "description": "Whether the bucket is public",
                      "description_kind": "markdown",
                      "computed": true
                    },
                    "updated_at": {
                      "type": "string",
                      "description": "When the bucket was last updated",
                      "description_kind": "markdown",
                      "computed": true
                    }
                  },
                  "nesting_mode": "list"
                },
                "description": "List of storage buckets",
                "description_kind": "markdown",
                "computed": true
              },
              "id": {
                "type": "string",
                "description": "Same as project_ref",
                "description_kind": "markdown",
                "computed": true
              },
              "project_ref": {
                "type": "string",
                "description": "Project reference ID",
                "description_kind": "markdown",
                "required": true
              }
            },
            "description": "\n\nRetrieves a list of storage buckets for a Supabase project.\n\n## Example Usage\n\n~~~hcl\ndata \"supabase_storage_buckets\" \"all\" {\n  project_ref = \"abcdefghijklmnopqrst\"\n}\n~~~\n",
            "description_kind": "markdown"
          }
        }
      }
    }
  }
}
